{
  "pins" : [
    {
      "identity" : "ansiterminalmodified",
      "kind" : "remoteSourceControl",
      "location" : "https://github.com/nikolainobadi/ANSITerminalModified",
      "state" : {
        "revision" : "fd1443a5369693ddac5c8ef8dc6128af4011ff42",
        "version" : "0.6.0"
      }
    },
    {
      "identity" : "swift-argument-parser",
      "kind" : "remoteSourceControl",
      "location" : "https://github.com/apple/swift-argument-parser.git",
      "state" : {
        "revision" : "cdd0ef3755280949551dc26dee5de9ddeda89f54",
        "version" : "1.6.2"
      }
    }
  ],
  "version" : 2
}
